{
  "name": "demo",
  "version": "1.0.0",
  "lockfileVersion": 3,
  "requires": true,
  "packages": {
    "": {
      "name": "demo",
      "version": "1.0.0",
      "license": "ISC",
      "dependencies": {
        "pathmix": "^1.0.1"
      }
    },
    "node_modules/pathmix": {
      "version": "1.0.1",
      "resolved": "https://registry.npmjs.org/pathmix/-/pathmix-1.0.1.tgz",
      "integrity": "sha512-6tspRkAA+NgRPwOtE14Ato87vS6MCY3QHFNJKkjc5Ka5TAXLDRm/dXBEaXP4f+Uwv0Lo113rLfORI3Y5EtiN5A==",
      "license": "ISC",
      "engines": {
        "node": ">=16.0.0"
      }
    }
  }
}
